
Microsoft Visual Studio Solution File, Format Version 12.00
# Visual Studio Version 16
VisualStudioVersion = 16.0.31424.327
MinimumVisualStudioVersion = 10.0.40219.1
Project("{FAE04EC0-301F-11D3-BF4B-00C04F79EFBC}") = "task-2", "task-2\task-2.csproj", "{E531F9AD-3341-4E8C-B118-24E30FCAE02D}"
EndProject
Global
	GlobalSection(SolutionConfigurationPlatforms) = preSolution
		Debug|Any CPU = Debug|Any CPU
		Release|Any CPU = Release|Any CPU
	EndGlobalSection
	GlobalSection(ProjectConfigurationPlatforms) = postSolution
		{E531F9AD-3341-4E8C-B118-24E30FCAE02D}.Debug|Any CPU.ActiveCfg = Debug|Any CPU
		{E531F9AD-3341-4E8C-B118-24E30FCAE02D}.Debug|Any CPU.Build.0 = Debug|Any CPU
		{E531F9AD-3341-4E8C-B118-24E30FCAE02D}.Release|Any CPU.ActiveCfg = Release|Any CPU
		{E531F9AD-3341-4E8C-B118-24E30FCAE02D}.Release|Any CPU.Build.0 = Release|Any CPU
	EndGlobalSection
	GlobalSection(SolutionProperties) = preSolution
		HideSolutionNode = FALSE
	EndGlobalSection
	GlobalSection(ExtensibilityGlobals) = postSolution
		SolutionGuid = {E3474B3B-6337-4DE0-AE1B-18C45DA49533}
	EndGlobalSection
EndGlobal
